
Microsoft Visual Studio Solution File, Format Version 12.00
# Visual Studio Version 16
VisualStudioVersion = 16.0.32428.217
MinimumVisualStudioVersion = 10.0.40219.1
Project("{888888A0-9F3D-457C-B088-3A5042F75D52}") = "flipbook2pdf", "flipbook2pdf.pyproj", "{8AD2B45A-B93D-45C3-A3BB-AC6CDF9424F1}"
EndProject
Global
	GlobalSection(SolutionConfigurationPlatforms) = preSolution
		Debug|Any CPU = Debug|Any CPU
		Release|Any CPU = Release|Any CPU
	EndGlobalSection
	GlobalSection(ProjectConfigurationPlatforms) = postSolution
		{8AD2B45A-B93D-45C3-A3BB-AC6CDF9424F1}.Debug|Any CPU.ActiveCfg = Debug|Any CPU
		{8AD2B45A-B93D-45C3-A3BB-AC6CDF9424F1}.Release|Any CPU.ActiveCfg = Release|Any CPU
	EndGlobalSection
	GlobalSection(SolutionProperties) = preSolution
		HideSolutionNode = FALSE
	EndGlobalSection
	GlobalSection(ExtensibilityGlobals) = postSolution
		SolutionGuid = {F5E5D93B-224A-410C-82DA-8DD1F4AEF875}
	EndGlobalSection
EndGlobal
